
Microsoft Visual Studio Solution File, Format Version 10.00
# Visual C# Express 2008
Project("{FAE04EC0-301F-11D3-BF4B-00C04F79EFBC}") = "CoAP.Server.2005", "CoAP.Server.2005.csproj", "{05CC2E5E-B663-4560-844C-C8E52ED1C9D1}"
EndProject
Global
	GlobalSection(SolutionConfigurationPlatforms) = preSolution
		Debug|Any CPU = Debug|Any CPU
		Release|Any CPU = Release|Any CPU
	EndGlobalSection
	GlobalSection(ProjectConfigurationPlatforms) = postSolution
		{05CC2E5E-B663-4560-844C-C8E52ED1C9D1}.Debug|Any CPU.ActiveCfg = Debug|Any CPU
		{05CC2E5E-B663-4560-844C-C8E52ED1C9D1}.Debug|Any CPU.Build.0 = Debug|Any CPU
		{05CC2E5E-B663-4560-844C-C8E52ED1C9D1}.Release|Any CPU.ActiveCfg = Release|Any CPU
		{05CC2E5E-B663-4560-844C-C8E52ED1C9D1}.Release|Any CPU.Build.0 = Release|Any CPU
	EndGlobalSection
	GlobalSection(SolutionProperties) = preSolution
		HideSolutionNode = FALSE
	EndGlobalSection
EndGlobal
