
Microsoft Visual Studio Solution File, Format Version 9.00
# Visual Studio 2005
Project("{FAE04EC0-301F-11D3-BF4B-00C04F79EFBC}") = "Test", "Test\Test.csproj", "{59401072-3656-49C3-8126-EED2E33A569B}"
EndProject
Global
	GlobalSection(SolutionConfigurationPlatforms) = preSolution
		Debug|Any CPU = Debug|Any CPU
		Release|Any CPU = Release|Any CPU
	EndGlobalSection
	GlobalSection(ProjectConfigurationPlatforms) = postSolution
		{59401072-3656-49C3-8126-EED2E33A569B}.Debug|Any CPU.ActiveCfg = Debug|Any CPU
		{59401072-3656-49C3-8126-EED2E33A569B}.Debug|Any CPU.Build.0 = Debug|Any CPU
		{59401072-3656-49C3-8126-EED2E33A569B}.Release|Any CPU.ActiveCfg = Release|Any CPU
		{59401072-3656-49C3-8126-EED2E33A569B}.Release|Any CPU.Build.0 = Release|Any CPU
	EndGlobalSection
	GlobalSection(SolutionProperties) = preSolution
		HideSolutionNode = FALSE
	EndGlobalSection
EndGlobal
